
Microsoft Visual Studio Solution File, Format Version 12.00
# Visual Studio Version 16
VisualStudioVersion = 16.0.31624.102
MinimumVisualStudioVersion = 10.0.40219.1
Project("{9A19103F-16F7-4668-BE54-9A1E7A4F7556}") = "ShoesHouse.WebApp", "ShoesHouse.WebApp\ShoesHouse.WebApp.csproj", "{8848F151-9E28-4DC8-A718-E84B3A43ED8E}"
EndProject
Project("{9A19103F-16F7-4668-BE54-9A1E7A4F7556}") = "ShoesHouse.Data", "ShoesHouse.Data\ShoesHouse.Data.csproj", "{42ED1343-19DA-42A4-91AA-4BF432213AD9}"
EndProject
Project("{9A19103F-16F7-4668-BE54-9A1E7A4F7556}") = "ShoesHouse.Application", "ShoesHouse.Application\ShoesHouse.Application.csproj", "{809C4F14-FEBA-4D5B-9C27-123F2C0268E0}"
EndProject
Project("{9A19103F-16F7-4668-BE54-9A1E7A4F7556}") = "ShoesHouse.ViewModels", "ShoesHouse.ViewModels\ShoesHouse.ViewModels.csproj", "{AAACDDA4-6BDB-40BE-87D0-8159CFD1AECA}"
EndProject
Project("{FAE04EC0-301F-11D3-BF4B-00C04F79EFBC}") = "ShoesHouse.BackendApi", "ShoesHouse.BackendApi\ShoesHouse.BackendApi.csproj", "{988CCD16-29E9-4701-9844-FCCCC19E33C3}"
EndProject
Project("{FAE04EC0-301F-11D3-BF4B-00C04F79EFBC}") = "ShoesHouse.Utilities", "ShoesHouse.Utilities\ShoesHouse.Utilities.csproj", "{E76BC906-3963-40A7-BC70-5ED878EFF2BF}"
EndProject
Global
	GlobalSection(SolutionConfigurationPlatforms) = preSolution
		Debug|Any CPU = Debug|Any CPU
		Release|Any CPU = Release|Any CPU
	EndGlobalSection
	GlobalSection(ProjectConfigurationPlatforms) = postSolution
		{8848F151-9E28-4DC8-A718-E84B3A43ED8E}.Debug|Any CPU.ActiveCfg = Debug|Any CPU
		{8848F151-9E28-4DC8-A718-E84B3A43ED8E}.Debug|Any CPU.Build.0 = Debug|Any CPU
		{8848F151-9E28-4DC8-A718-E84B3A43ED8E}.Release|Any CPU.ActiveCfg = Release|Any CPU
		{8848F151-9E28-4DC8-A718-E84B3A43ED8E}.Release|Any CPU.Build.0 = Release|Any CPU
		{42ED1343-19DA-42A4-91AA-4BF432213AD9}.Debug|Any CPU.ActiveCfg = Debug|Any CPU
		{42ED1343-19DA-42A4-91AA-4BF432213AD9}.Debug|Any CPU.Build.0 = Debug|Any CPU
		{42ED1343-19DA-42A4-91AA-4BF432213AD9}.Release|Any CPU.ActiveCfg = Release|Any CPU
		{42ED1343-19DA-42A4-91AA-4BF432213AD9}.Release|Any CPU.Build.0 = Release|Any CPU
		{809C4F14-FEBA-4D5B-9C27-123F2C0268E0}.Debug|Any CPU.ActiveCfg = Debug|Any CPU
		{809C4F14-FEBA-4D5B-9C27-123F2C0268E0}.Debug|Any CPU.Build.0 = Debug|Any CPU
		{809C4F14-FEBA-4D5B-9C27-123F2C0268E0}.Release|Any CPU.ActiveCfg = Release|Any CPU
		{809C4F14-FEBA-4D5B-9C27-123F2C0268E0}.Release|Any CPU.Build.0 = Release|Any CPU
		{AAACDDA4-6BDB-40BE-87D0-8159CFD1AECA}.Debug|Any CPU.ActiveCfg = Debug|Any CPU
		{AAACDDA4-6BDB-40BE-87D0-8159CFD1AECA}.Debug|Any CPU.Build.0 = Debug|Any CPU
		{AAACDDA4-6BDB-40BE-87D0-8159CFD1AECA}.Release|Any CPU.ActiveCfg = Release|Any CPU
		{AAACDDA4-6BDB-40BE-87D0-8159CFD1AECA}.Release|Any CPU.Build.0 = Release|Any CPU
		{988CCD16-29E9-4701-9844-FCCCC19E33C3}.Debug|Any CPU.ActiveCfg = Debug|Any CPU
		{988CCD16-29E9-4701-9844-FCCCC19E33C3}.Debug|Any CPU.Build.0 = Debug|Any CPU
		{988CCD16-29E9-4701-9844-FCCCC19E33C3}.Release|Any CPU.ActiveCfg = Release|Any CPU
		{988CCD16-29E9-4701-9844-FCCCC19E33C3}.Release|Any CPU.Build.0 = Release|Any CPU
		{E76BC906-3963-40A7-BC70-5ED878EFF2BF}.Debug|Any CPU.ActiveCfg = Debug|Any CPU
		{E76BC906-3963-40A7-BC70-5ED878EFF2BF}.Debug|Any CPU.Build.0 = Debug|Any CPU
		{E76BC906-3963-40A7-BC70-5ED878EFF2BF}.Release|Any CPU.ActiveCfg = Release|Any CPU
		{E76BC906-3963-40A7-BC70-5ED878EFF2BF}.Release|Any CPU.Build.0 = Release|Any CPU
	EndGlobalSection
	GlobalSection(SolutionProperties) = preSolution
		HideSolutionNode = FALSE
	EndGlobalSection
	GlobalSection(ExtensibilityGlobals) = postSolution
		SolutionGuid = {71DD9EC2-AB8C-4CB0-88B1-C18BC74FB023}
	EndGlobalSection
EndGlobal
